
Microsoft Visual Studio Solution File, Format Version 12.00
# Visual Studio Version 16
VisualStudioVersion = 16.0.31205.134
MinimumVisualStudioVersion = 10.0.40219.1
Project("{FAE04EC0-301F-11D3-BF4B-00C04F79EFBC}") = "Games-Library", "Games-Library\Games-Library.csproj", "{5D5C2C22-7184-4666-863D-714096C7CC70}"
EndProject
Project("{FAE04EC0-301F-11D3-BF4B-00C04F79EFBC}") = "UnitTestProject", "UnitTestProject1\UnitTestProject.csproj", "{C6355E6D-9B46-44AB-A6AA-C1DDE922D23C}"
EndProject
Global
	GlobalSection(SolutionConfigurationPlatforms) = preSolution
		Debug|Any CPU = Debug|Any CPU
		Release|Any CPU = Release|Any CPU
	EndGlobalSection
	GlobalSection(ProjectConfigurationPlatforms) = postSolution
		{5D5C2C22-7184-4666-863D-714096C7CC70}.Debug|Any CPU.ActiveCfg = Debug|Any CPU
		{5D5C2C22-7184-4666-863D-714096C7CC70}.Debug|Any CPU.Build.0 = Debug|Any CPU
		{5D5C2C22-7184-4666-863D-714096C7CC70}.Release|Any CPU.ActiveCfg = Release|Any CPU
		{5D5C2C22-7184-4666-863D-714096C7CC70}.Release|Any CPU.Build.0 = Release|Any CPU
		{C6355E6D-9B46-44AB-A6AA-C1DDE922D23C}.Debug|Any CPU.ActiveCfg = Debug|Any CPU
		{C6355E6D-9B46-44AB-A6AA-C1DDE922D23C}.Debug|Any CPU.Build.0 = Debug|Any CPU
		{C6355E6D-9B46-44AB-A6AA-C1DDE922D23C}.Release|Any CPU.ActiveCfg = Release|Any CPU
		{C6355E6D-9B46-44AB-A6AA-C1DDE922D23C}.Release|Any CPU.Build.0 = Release|Any CPU
	EndGlobalSection
	GlobalSection(SolutionProperties) = preSolution
		HideSolutionNode = FALSE
	EndGlobalSection
	GlobalSection(ExtensibilityGlobals) = postSolution
		SolutionGuid = {A9BD77C3-14E6-4A55-BBFB-3286DE1BED38}
	EndGlobalSection
EndGlobal
